# This file is automatically @generated by Cargo.
# It is not intended for manual editing.
version = 3

[[package]]
name = "Lab7"
version = "0.1.0"
dependencies = [
 "methods-enum",
]

[[package]]
name = "methods-enum"
version = "0.2.4"
source = "registry+https://github.com/rust-lang/crates.io-index"
checksum = "302250ab75b23d31a0f93f600a73f9269161a2e5d1802d0adc63e18eba8a505e"
